
Microsoft Visual Studio Solution File, Format Version 12.00
# Visual Studio 2012
Project("{F2A71F9B-5D33-465A-A702-920D77279786}") = "Titanic", "Titanic\Titanic.fsproj", "{CC90E9EB-3F6D-49E2-A7C8-85D3FFA6D43D}"
EndProject
Project("{F2A71F9B-5D33-465A-A702-920D77279786}") = "Titanic.Console", "Titanic.Console\Titanic.Console.fsproj", "{DD7AE8DC-2EBF-4C84-9D21-A2818233C057}"
EndProject
Global
	GlobalSection(SolutionConfigurationPlatforms) = preSolution
		Debug|Any CPU = Debug|Any CPU
		Release|Any CPU = Release|Any CPU
	EndGlobalSection
	GlobalSection(ProjectConfigurationPlatforms) = postSolution
		{CC90E9EB-3F6D-49E2-A7C8-85D3FFA6D43D}.Debug|Any CPU.ActiveCfg = Debug|Any CPU
		{CC90E9EB-3F6D-49E2-A7C8-85D3FFA6D43D}.Debug|Any CPU.Build.0 = Debug|Any CPU
		{CC90E9EB-3F6D-49E2-A7C8-85D3FFA6D43D}.Release|Any CPU.ActiveCfg = Release|Any CPU
		{CC90E9EB-3F6D-49E2-A7C8-85D3FFA6D43D}.Release|Any CPU.Build.0 = Release|Any CPU
		{DD7AE8DC-2EBF-4C84-9D21-A2818233C057}.Debug|Any CPU.ActiveCfg = Debug|Any CPU
		{DD7AE8DC-2EBF-4C84-9D21-A2818233C057}.Debug|Any CPU.Build.0 = Debug|Any CPU
		{DD7AE8DC-2EBF-4C84-9D21-A2818233C057}.Release|Any CPU.ActiveCfg = Release|Any CPU
		{DD7AE8DC-2EBF-4C84-9D21-A2818233C057}.Release|Any CPU.Build.0 = Release|Any CPU
	EndGlobalSection
	GlobalSection(SolutionProperties) = preSolution
		HideSolutionNode = FALSE
	EndGlobalSection
EndGlobal
